
Microsoft Visual Studio Solution File, Format Version 12.00
# Visual Studio Version 16
VisualStudioVersion = 16.0.31402.337
MinimumVisualStudioVersion = 10.0.40219.1
Project("{8BC9CEB8-8B4A-11D0-8D11-00A0C91BC942}") = "Attendance management system", "Attendance management system\Attendance management system.vcxproj", "{7D5AC246-A6BC-4229-872A-0BECED55DBA6}"
EndProject
Global
	GlobalSection(SolutionConfigurationPlatforms) = preSolution
		Debug|x64 = Debug|x64
		Debug|x86 = Debug|x86
		Release|x64 = Release|x64
		Release|x86 = Release|x86
	EndGlobalSection
	GlobalSection(ProjectConfigurationPlatforms) = postSolution
		{7D5AC246-A6BC-4229-872A-0BECED55DBA6}.Debug|x64.ActiveCfg = Debug|x64
		{7D5AC246-A6BC-4229-872A-0BECED55DBA6}.Debug|x64.Build.0 = Debug|x64
		{7D5AC246-A6BC-4229-872A-0BECED55DBA6}.Debug|x86.ActiveCfg = Debug|Win32
		{7D5AC246-A6BC-4229-872A-0BECED55DBA6}.Debug|x86.Build.0 = Debug|Win32
		{7D5AC246-A6BC-4229-872A-0BECED55DBA6}.Release|x64.ActiveCfg = Release|x64
		{7D5AC246-A6BC-4229-872A-0BECED55DBA6}.Release|x64.Build.0 = Release|x64
		{7D5AC246-A6BC-4229-872A-0BECED55DBA6}.Release|x86.ActiveCfg = Release|Win32
		{7D5AC246-A6BC-4229-872A-0BECED55DBA6}.Release|x86.Build.0 = Release|Win32
	EndGlobalSection
	GlobalSection(SolutionProperties) = preSolution
		HideSolutionNode = FALSE
	EndGlobalSection
	GlobalSection(ExtensibilityGlobals) = postSolution
		SolutionGuid = {F7730E42-600C-43A0-BF92-49E515B31870}
	EndGlobalSection
EndGlobal
